
Microsoft Visual Studio Solution File, Format Version 12.00
# Visual Studio 15
VisualStudioVersion = 15.0.28307.168
MinimumVisualStudioVersion = 10.0.40219.1
Project("{2150E333-8FDC-42A3-9474-1A3956D46DE8}") = "1 - Application", "1 - Application", "{7D597194-96F2-44B8-B246-B90DC3DFE851}"
EndProject
Project("{2150E333-8FDC-42A3-9474-1A3956D46DE8}") = "2 - Domain", "2 - Domain", "{002F5CCD-D93C-4852-A9CA-C228B00C10CB}"
EndProject
Project("{2150E333-8FDC-42A3-9474-1A3956D46DE8}") = "3 - Service", "3 - Service", "{8EB3DA8C-6678-49B8-96E0-5B67813672E9}"
EndProject
Project("{9A19103F-16F7-4668-BE54-9A1E7A4F7556}") = "DbServer.Api", "DbServer.Api\DbServer.Api.csproj", "{04AE5127-5305-4286-B89A-1652F0FF3488}"
EndProject
Project("{9A19103F-16F7-4668-BE54-9A1E7A4F7556}") = "DbServer.Domain", "DbServer.Domain\DbServer.Domain.csproj", "{A8D76675-1854-4472-9D76-6E60C8A29CFB}"
EndProject
Project("{2150E333-8FDC-42A3-9474-1A3956D46DE8}") = "4 - Data", "4 - Data", "{C4FFE90F-163E-40DF-96B3-254958E9AED2}"
EndProject
Project("{9A19103F-16F7-4668-BE54-9A1E7A4F7556}") = "DbServer.Data", "DbServer.infrastructure.Data\DbServer.Data.csproj", "{E238BDF7-A557-441D-BC45-764F7CE186BA}"
EndProject
Project("{2150E333-8FDC-42A3-9474-1A3956D46DE8}") = "5 - IoC", "5 - IoC", "{B45B0A94-4A95-4AFD-BE5C-764B6E0FE05E}"
EndProject
Project("{FAE04EC0-301F-11D3-BF4B-00C04F79EFBC}") = "DBServer.Ioc", "DBServer.Ioc\DBServer.Ioc.csproj", "{4784BEEF-7FF2-444E-90B5-9DF7117FE97D}"
EndProject
Project("{9A19103F-16F7-4668-BE54-9A1E7A4F7556}") = "DbServer.Service", "DbServer.Service\DbServer.Service.csproj", "{7BAB0641-0CC8-43ED-B4B0-1539B2F0AB7A}"
EndProject
Project("{9A19103F-16F7-4668-BE54-9A1E7A4F7556}") = "DBServer.Service.Interface", "DBServer.Service.Interface\DBServer.Service.Interface.csproj", "{E5A96B31-21BE-4C84-882F-97D259811287}"
EndProject
Project("{FAE04EC0-301F-11D3-BF4B-00C04F79EFBC}") = "DBServer.Data.Interface", "DBServer.Data.Interface\DBServer.Data.Interface.csproj", "{DE761AE3-73E4-4D84-B9A7-B84B1ED9553D}"
EndProject
Project("{2150E333-8FDC-42A3-9474-1A3956D46DE8}") = "6 - Test", "6 - Test", "{12A5821A-F789-4E5E-8103-EFB5522EB10E}"
EndProject
Project("{FAE04EC0-301F-11D3-BF4B-00C04F79EFBC}") = "DBServer.Service.Tests", "DBServer.Service.Tests\DBServer.Service.Tests.csproj", "{94613AD8-5441-42AB-9194-4D0106165B62}"
EndProject
Global
	GlobalSection(SolutionConfigurationPlatforms) = preSolution
		Debug|Any CPU = Debug|Any CPU
		Release|Any CPU = Release|Any CPU
	EndGlobalSection
	GlobalSection(ProjectConfigurationPlatforms) = postSolution
		{04AE5127-5305-4286-B89A-1652F0FF3488}.Debug|Any CPU.ActiveCfg = Debug|Any CPU
		{04AE5127-5305-4286-B89A-1652F0FF3488}.Debug|Any CPU.Build.0 = Debug|Any CPU
		{04AE5127-5305-4286-B89A-1652F0FF3488}.Release|Any CPU.ActiveCfg = Release|Any CPU
		{04AE5127-5305-4286-B89A-1652F0FF3488}.Release|Any CPU.Build.0 = Release|Any CPU
		{A8D76675-1854-4472-9D76-6E60C8A29CFB}.Debug|Any CPU.ActiveCfg = Debug|Any CPU
		{A8D76675-1854-4472-9D76-6E60C8A29CFB}.Debug|Any CPU.Build.0 = Debug|Any CPU
		{A8D76675-1854-4472-9D76-6E60C8A29CFB}.Release|Any CPU.ActiveCfg = Release|Any CPU
		{A8D76675-1854-4472-9D76-6E60C8A29CFB}.Release|Any CPU.Build.0 = Release|Any CPU
		{E238BDF7-A557-441D-BC45-764F7CE186BA}.Debug|Any CPU.ActiveCfg = Debug|Any CPU
		{E238BDF7-A557-441D-BC45-764F7CE186BA}.Debug|Any CPU.Build.0 = Debug|Any CPU
		{E238BDF7-A557-441D-BC45-764F7CE186BA}.Release|Any CPU.ActiveCfg = Release|Any CPU
		{E238BDF7-A557-441D-BC45-764F7CE186BA}.Release|Any CPU.Build.0 = Release|Any CPU
		{4784BEEF-7FF2-444E-90B5-9DF7117FE97D}.Debug|Any CPU.ActiveCfg = Debug|Any CPU
		{4784BEEF-7FF2-444E-90B5-9DF7117FE97D}.Debug|Any CPU.Build.0 = Debug|Any CPU
		{4784BEEF-7FF2-444E-90B5-9DF7117FE97D}.Release|Any CPU.ActiveCfg = Release|Any CPU
		{4784BEEF-7FF2-444E-90B5-9DF7117FE97D}.Release|Any CPU.Build.0 = Release|Any CPU
		{7BAB0641-0CC8-43ED-B4B0-1539B2F0AB7A}.Debug|Any CPU.ActiveCfg = Debug|Any CPU
		{7BAB0641-0CC8-43ED-B4B0-1539B2F0AB7A}.Debug|Any CPU.Build.0 = Debug|Any CPU
		{7BAB0641-0CC8-43ED-B4B0-1539B2F0AB7A}.Release|Any CPU.ActiveCfg = Release|Any CPU
		{7BAB0641-0CC8-43ED-B4B0-1539B2F0AB7A}.Release|Any CPU.Build.0 = Release|Any CPU
		{E5A96B31-21BE-4C84-882F-97D259811287}.Debug|Any CPU.ActiveCfg = Debug|Any CPU
		{E5A96B31-21BE-4C84-882F-97D259811287}.Debug|Any CPU.Build.0 = Debug|Any CPU
		{E5A96B31-21BE-4C84-882F-97D259811287}.Release|Any CPU.ActiveCfg = Release|Any CPU
		{E5A96B31-21BE-4C84-882F-97D259811287}.Release|Any CPU.Build.0 = Release|Any CPU
		{DE761AE3-73E4-4D84-B9A7-B84B1ED9553D}.Debug|Any CPU.ActiveCfg = Debug|Any CPU
		{DE761AE3-73E4-4D84-B9A7-B84B1ED9553D}.Debug|Any CPU.Build.0 = Debug|Any CPU
		{DE761AE3-73E4-4D84-B9A7-B84B1ED9553D}.Release|Any CPU.ActiveCfg = Release|Any CPU
		{DE761AE3-73E4-4D84-B9A7-B84B1ED9553D}.Release|Any CPU.Build.0 = Release|Any CPU
		{94613AD8-5441-42AB-9194-4D0106165B62}.Debug|Any CPU.ActiveCfg = Debug|Any CPU
		{94613AD8-5441-42AB-9194-4D0106165B62}.Debug|Any CPU.Build.0 = Debug|Any CPU
		{94613AD8-5441-42AB-9194-4D0106165B62}.Release|Any CPU.ActiveCfg = Release|Any CPU
		{94613AD8-5441-42AB-9194-4D0106165B62}.Release|Any CPU.Build.0 = Release|Any CPU
	EndGlobalSection
	GlobalSection(SolutionProperties) = preSolution
		HideSolutionNode = FALSE
	EndGlobalSection
	GlobalSection(NestedProjects) = preSolution
		{04AE5127-5305-4286-B89A-1652F0FF3488} = {7D597194-96F2-44B8-B246-B90DC3DFE851}
		{A8D76675-1854-4472-9D76-6E60C8A29CFB} = {002F5CCD-D93C-4852-A9CA-C228B00C10CB}
		{E238BDF7-A557-441D-BC45-764F7CE186BA} = {C4FFE90F-163E-40DF-96B3-254958E9AED2}
		{4784BEEF-7FF2-444E-90B5-9DF7117FE97D} = {B45B0A94-4A95-4AFD-BE5C-764B6E0FE05E}
		{7BAB0641-0CC8-43ED-B4B0-1539B2F0AB7A} = {8EB3DA8C-6678-49B8-96E0-5B67813672E9}
		{E5A96B31-21BE-4C84-882F-97D259811287} = {8EB3DA8C-6678-49B8-96E0-5B67813672E9}
		{DE761AE3-73E4-4D84-B9A7-B84B1ED9553D} = {C4FFE90F-163E-40DF-96B3-254958E9AED2}
		{94613AD8-5441-42AB-9194-4D0106165B62} = {12A5821A-F789-4E5E-8103-EFB5522EB10E}
	EndGlobalSection
	GlobalSection(ExtensibilityGlobals) = postSolution
		SolutionGuid = {A583CCFD-1F2A-4BB8-8463-869F3F607D52}
	EndGlobalSection
EndGlobal
